
Microsoft Visual Studio Solution File, Format Version 12.00
# Visual Studio Version 17
VisualStudioVersion = 17.2.32616.157
MinimumVisualStudioVersion = 10.0.40219.1
Project("{FAE04EC0-301F-11D3-BF4B-00C04F79EFBC}") = "ПМ 02 Абдуллин Владислав Радомирович билет№ 4", "ПМ 02 Абдуллин Владислав Радомирович билет№ 4.csproj", "{7DD5E0F3-E37A-468D-8EBF-1C08A47721BA}"
EndProject
Project("{FAE04EC0-301F-11D3-BF4B-00C04F79EFBC}") = "UnitTestProject", "..\UnitTestProject\UnitTestProject.csproj", "{2F1906C8-2E81-48D4-BA20-7294C1AF00F0}"
EndProject
Global
	GlobalSection(SolutionConfigurationPlatforms) = preSolution
		Debug|Any CPU = Debug|Any CPU
		Release|Any CPU = Release|Any CPU
	EndGlobalSection
	GlobalSection(ProjectConfigurationPlatforms) = postSolution
		{7DD5E0F3-E37A-468D-8EBF-1C08A47721BA}.Debug|Any CPU.ActiveCfg = Debug|Any CPU
		{7DD5E0F3-E37A-468D-8EBF-1C08A47721BA}.Debug|Any CPU.Build.0 = Debug|Any CPU
		{7DD5E0F3-E37A-468D-8EBF-1C08A47721BA}.Release|Any CPU.ActiveCfg = Release|Any CPU
		{7DD5E0F3-E37A-468D-8EBF-1C08A47721BA}.Release|Any CPU.Build.0 = Release|Any CPU
		{2F1906C8-2E81-48D4-BA20-7294C1AF00F0}.Debug|Any CPU.ActiveCfg = Debug|Any CPU
		{2F1906C8-2E81-48D4-BA20-7294C1AF00F0}.Debug|Any CPU.Build.0 = Debug|Any CPU
		{2F1906C8-2E81-48D4-BA20-7294C1AF00F0}.Release|Any CPU.ActiveCfg = Release|Any CPU
		{2F1906C8-2E81-48D4-BA20-7294C1AF00F0}.Release|Any CPU.Build.0 = Release|Any CPU
	EndGlobalSection
	GlobalSection(SolutionProperties) = preSolution
		HideSolutionNode = FALSE
	EndGlobalSection
	GlobalSection(ExtensibilityGlobals) = postSolution
		SolutionGuid = {BD5E38A4-BC19-4BA7-A575-22C79ACB32CB}
	EndGlobalSection
EndGlobal
